{
  "version": "5",
  "specifiers": {
    "npm:@rollup/plugin-node-resolve@^16.0.1": "16.0.1_rollup@4.44.1",
    "npm:handcraft@next": "0.17.0-beta.17",
    "npm:rollup@^4.43.0": "4.44.1",
    "npm:terser@^5.43.0": "5.43.1"
  },
  "npm": {
    "@jridgewell/gen-mapping@0.3.8": {
      "integrity": "sha512-imAbBGkb+ebQyxKgzv5Hu2nmROxoDOXHh80evxdoXNOrvAnVx7zimzc1Oo5h9RlfV4vPXaE2iM5pOFbvOCClWA==",
      "dependencies": [
        "@jridgewell/set-array",
        "@jridgewell/sourcemap-codec",
        "@jridgewell/trace-mapping"
      ]
    },
    "@jridgewell/resolve-uri@3.1.2": {
      "integrity": "sha512-bRISgCIjP20/tbWSPWMEi54QVPRZExkuD9lJL+UIxUKtwVJA8wW1Trb1jMs1RFXo1CBTNZ/5hpC9QvmKWdopKw=="
    },
    "@jridgewell/set-array@1.2.1": {
      "integrity": "sha512-R8gLRTZeyp03ymzP/6Lil/28tGeGEzhx1q2k703KGWRAI1VdvPIXdG70VJc2pAMw3NA6JKL5hhFu1sJX0Mnn/A=="
    },
    "@jridgewell/source-map@0.3.6": {
      "integrity": "sha512-1ZJTZebgqllO79ue2bm3rIGud/bOe0pP5BjSRCRxxYkEZS8STV7zN84UBbiYu7jy+eCKSnVIUgoWWE/tt+shMQ==",
      "dependencies": [
        "@jridgewell/gen-mapping",
        "@jridgewell/trace-mapping"
      ]
    },
    "@jridgewell/sourcemap-codec@1.5.0": {
      "integrity": "sha512-gv3ZRaISU3fjPAgNsriBRqGWQL6quFx04YMPW/zD8XMLsU32mhCCbfbO6KZFLjvYpCZ8zyDEgqsgf+PwPaM7GQ=="
    },
    "@jridgewell/trace-mapping@0.3.25": {
      "integrity": "sha512-vNk6aEwybGtawWmy/PzwnGDOjCkLWSD2wqvjGGAgOAwCGWySYXfYoxt00IJkTF+8Lb57DwOb3Aa0o9CApepiYQ==",
      "dependencies": [
        "@jridgewell/resolve-uri",
        "@jridgewell/sourcemap-codec"
      ]
    },
    "@rollup/plugin-node-resolve@16.0.1_rollup@4.44.1": {
      "integrity": "sha512-tk5YCxJWIG81umIvNkSod2qK5KyQW19qcBF/B78n1bjtOON6gzKoVeSzAE8yHCZEDmqkHKkxplExA8KzdJLJpA==",
      "dependencies": [
        "@rollup/pluginutils",
        "@types/resolve",
        "deepmerge",
        "is-module",
        "resolve",
        "rollup"
      ],
      "optionalPeers": [
        "rollup"
      ]
    },
    "@rollup/pluginutils@5.2.0_rollup@4.44.1": {
      "integrity": "sha512-qWJ2ZTbmumwiLFomfzTyt5Kng4hwPi9rwCYN4SHb6eaRU1KNO4ccxINHr/VhH4GgPlt1XfSTLX2LBTme8ne4Zw==",
      "dependencies": [
        "@types/estree",
        "estree-walker",
        "picomatch",
        "rollup"
      ],
      "optionalPeers": [
        "rollup"
      ]
    },
    "@rollup/rollup-android-arm-eabi@4.44.1": {
      "integrity": "sha512-JAcBr1+fgqx20m7Fwe1DxPUl/hPkee6jA6Pl7n1v2EFiktAHenTaXl5aIFjUIEsfn9w3HE4gK1lEgNGMzBDs1w==",
      "os": ["android"],
      "cpu": ["arm"]
    },
    "@rollup/rollup-android-arm64@4.44.1": {
      "integrity": "sha512-RurZetXqTu4p+G0ChbnkwBuAtwAbIwJkycw1n6GvlGlBuS4u5qlr5opix8cBAYFJgaY05TWtM+LaoFggUmbZEQ==",
      "os": ["android"],
      "cpu": ["arm64"]
    },
    "@rollup/rollup-darwin-arm64@4.44.1": {
      "integrity": "sha512-fM/xPesi7g2M7chk37LOnmnSTHLG/v2ggWqKj3CCA1rMA4mm5KVBT1fNoswbo1JhPuNNZrVwpTvlCVggv8A2zg==",
      "os": ["darwin"],
      "cpu": ["arm64"]
    },
    "@rollup/rollup-darwin-x64@4.44.1": {
      "integrity": "sha512-gDnWk57urJrkrHQ2WVx9TSVTH7lSlU7E3AFqiko+bgjlh78aJ88/3nycMax52VIVjIm3ObXnDL2H00e/xzoipw==",
      "os": ["darwin"],
      "cpu": ["x64"]
    },
    "@rollup/rollup-freebsd-arm64@4.44.1": {
      "integrity": "sha512-wnFQmJ/zPThM5zEGcnDcCJeYJgtSLjh1d//WuHzhf6zT3Md1BvvhJnWoy+HECKu2bMxaIcfWiu3bJgx6z4g2XA==",
      "os": ["freebsd"],
      "cpu": ["arm64"]
    },
    "@rollup/rollup-freebsd-x64@4.44.1": {
      "integrity": "sha512-uBmIxoJ4493YATvU2c0upGz87f99e3wop7TJgOA/bXMFd2SvKCI7xkxY/5k50bv7J6dw1SXT4MQBQSLn8Bb/Uw==",
      "os": ["freebsd"],
      "cpu": ["x64"]
    },
    "@rollup/rollup-linux-arm-gnueabihf@4.44.1": {
      "integrity": "sha512-n0edDmSHlXFhrlmTK7XBuwKlG5MbS7yleS1cQ9nn4kIeW+dJH+ExqNgQ0RrFRew8Y+0V/x6C5IjsHrJmiHtkxQ==",
      "os": ["linux"],
      "cpu": ["arm"]
    },
    "@rollup/rollup-linux-arm-musleabihf@4.44.1": {
      "integrity": "sha512-8WVUPy3FtAsKSpyk21kV52HCxB+me6YkbkFHATzC2Yd3yuqHwy2lbFL4alJOLXKljoRw08Zk8/xEj89cLQ/4Nw==",
      "os": ["linux"],
      "cpu": ["arm"]
    },
    "@rollup/rollup-linux-arm64-gnu@4.44.1": {
      "integrity": "sha512-yuktAOaeOgorWDeFJggjuCkMGeITfqvPgkIXhDqsfKX8J3jGyxdDZgBV/2kj/2DyPaLiX6bPdjJDTu9RB8lUPQ==",
      "os": ["linux"],
      "cpu": ["arm64"]
    },
    "@rollup/rollup-linux-arm64-musl@4.44.1": {
      "integrity": "sha512-W+GBM4ifET1Plw8pdVaecwUgxmiH23CfAUj32u8knq0JPFyK4weRy6H7ooxYFD19YxBulL0Ktsflg5XS7+7u9g==",
      "os": ["linux"],
      "cpu": ["arm64"]
    },
    "@rollup/rollup-linux-loongarch64-gnu@4.44.1": {
      "integrity": "sha512-1zqnUEMWp9WrGVuVak6jWTl4fEtrVKfZY7CvcBmUUpxAJ7WcSowPSAWIKa/0o5mBL/Ij50SIf9tuirGx63Ovew==",
      "os": ["linux"],
      "cpu": ["loong64"]
    },
    "@rollup/rollup-linux-powerpc64le-gnu@4.44.1": {
      "integrity": "sha512-Rl3JKaRu0LHIx7ExBAAnf0JcOQetQffaw34T8vLlg9b1IhzcBgaIdnvEbbsZq9uZp3uAH+JkHd20Nwn0h9zPjA==",
      "os": ["linux"],
      "cpu": ["ppc64"]
    },
    "@rollup/rollup-linux-riscv64-gnu@4.44.1": {
      "integrity": "sha512-j5akelU3snyL6K3N/iX7otLBIl347fGwmd95U5gS/7z6T4ftK288jKq3A5lcFKcx7wwzb5rgNvAg3ZbV4BqUSw==",
      "os": ["linux"],
      "cpu": ["riscv64"]
    },
    "@rollup/rollup-linux-riscv64-musl@4.44.1": {
      "integrity": "sha512-ppn5llVGgrZw7yxbIm8TTvtj1EoPgYUAbfw0uDjIOzzoqlZlZrLJ/KuiE7uf5EpTpCTrNt1EdtzF0naMm0wGYg==",
      "os": ["linux"],
      "cpu": ["riscv64"]
    },
    "@rollup/rollup-linux-s390x-gnu@4.44.1": {
      "integrity": "sha512-Hu6hEdix0oxtUma99jSP7xbvjkUM/ycke/AQQ4EC5g7jNRLLIwjcNwaUy95ZKBJJwg1ZowsclNnjYqzN4zwkAw==",
      "os": ["linux"],
      "cpu": ["s390x"]
    },
    "@rollup/rollup-linux-x64-gnu@4.44.1": {
      "integrity": "sha512-EtnsrmZGomz9WxK1bR5079zee3+7a+AdFlghyd6VbAjgRJDbTANJ9dcPIPAi76uG05micpEL+gPGmAKYTschQw==",
      "os": ["linux"],
      "cpu": ["x64"]
    },
    "@rollup/rollup-linux-x64-musl@4.44.1": {
      "integrity": "sha512-iAS4p+J1az6Usn0f8xhgL4PaU878KEtutP4hqw52I4IO6AGoyOkHCxcc4bqufv1tQLdDWFx8lR9YlwxKuv3/3g==",
      "os": ["linux"],
      "cpu": ["x64"]
    },
    "@rollup/rollup-win32-arm64-msvc@4.44.1": {
      "integrity": "sha512-NtSJVKcXwcqozOl+FwI41OH3OApDyLk3kqTJgx8+gp6On9ZEt5mYhIsKNPGuaZr3p9T6NWPKGU/03Vw4CNU9qg==",
      "os": ["win32"],
      "cpu": ["arm64"]
    },
    "@rollup/rollup-win32-ia32-msvc@4.44.1": {
      "integrity": "sha512-JYA3qvCOLXSsnTR3oiyGws1Dm0YTuxAAeaYGVlGpUsHqloPcFjPg+X0Fj2qODGLNwQOAcCiQmHub/V007kiH5A==",
      "os": ["win32"],
      "cpu": ["ia32"]
    },
    "@rollup/rollup-win32-x64-msvc@4.44.1": {
      "integrity": "sha512-J8o22LuF0kTe7m+8PvW9wk3/bRq5+mRo5Dqo6+vXb7otCm3TPhYOJqOaQtGU9YMWQSL3krMnoOxMr0+9E6F3Ug==",
      "os": ["win32"],
      "cpu": ["x64"]
    },
    "@types/estree@1.0.8": {
      "integrity": "sha512-dWHzHa2WqEXI/O1E9OjrocMTKJl2mSrEolh1Iomrv6U+JuNwaHXsXx9bLu5gG7BUWFIN0skIQJQ/L1rIex4X6w=="
    },
    "@types/resolve@1.20.2": {
      "integrity": "sha512-60BCwRFOZCQhDncwQdxxeOEEkbc5dIMccYLwbxsS4TUNeVECQ/pBJ0j09mrHOl/JJvpRPGwO9SvE4nR2Nb/a4Q=="
    },
    "acorn@8.15.0": {
      "integrity": "sha512-NZyJarBfL7nWwIq+FDL6Zp/yHEhePMNnnJ0y3qfieCrmNvYct8uvtiV41UvlSe6apAfk0fY1FbWx+NwfmpvtTg==",
      "bin": true
    },
    "buffer-from@1.1.2": {
      "integrity": "sha512-E+XQCRwSbaaiChtv6k6Dwgc+bx+Bs6vuKJHHl5kox/BaKbhiXzqQOwK4cO22yElGp2OCmjwVhT3HmxgyPGnJfQ=="
    },
    "commander@2.20.3": {
      "integrity": "sha512-GpVkmM8vF2vQUkj2LvZmD35JxeJOLCwJ9cUkugyk2nuhbv3+mJvpLYYt+0+USMxE+oj+ey/lJEnhZw75x/OMcQ=="
    },
    "deepmerge@4.3.1": {
      "integrity": "sha512-3sUqbMEc77XqpdNO7FRyRog+eW3ph+GYCbj+rK+uYyRMuwsVy0rMiVtPn+QJlKFvWP/1PYpapqYn0Me2knFn+A=="
    },
    "estree-walker@2.0.2": {
      "integrity": "sha512-Rfkk/Mp/DL7JVje3u18FxFujQlTNR2q6QfMSMB7AvCBx91NGj/ba3kCfza0f6dVDbw7YlRf/nDrn7pQrCCyQ/w=="
    },
    "fsevents@2.3.3": {
      "integrity": "sha512-5xoDfX+fL7faATnagmWPpbFtwh/R77WmMMqqHGS65C3vvB0YHrgF+B1YmZ3441tMj5n63k0212XNoJwzlhffQw==",
      "os": ["darwin"],
      "scripts": true
    },
    "function-bind@1.1.2": {
      "integrity": "sha512-7XHNxH7qX9xG5mIwxkhumTox/MIRNcOgDrxWsMt2pAr23WHp6MrRlN7FBSFpCpr+oVO0F744iUgR82nJMfG2SA=="
    },
    "handcraft@0.17.0-beta.17": {
      "integrity": "sha512-dVKNMwt5ev97iawCC+2qOBp89U7kkHltC3v3XFNiMHPMNeRMttGfPbctHOsJu7gik56X0Exsx9yFarjEG66fBQ=="
    },
    "hasown@2.0.2": {
      "integrity": "sha512-0hJU9SCPvmMzIBdZFqNPXWa6dqh7WdH0cII9y+CyS8rG3nL48Bclra9HmKhVVUHyPWNH5Y7xDwAB7bfgSjkUMQ==",
      "dependencies": [
        "function-bind"
      ]
    },
    "is-core-module@2.16.1": {
      "integrity": "sha512-UfoeMA6fIJ8wTYFEUjelnaGI67v6+N7qXJEvQuIGa99l4xsCruSYOVSQ0uPANn4dAzm8lkYPaKLrrijLq7x23w==",
      "dependencies": [
        "hasown"
      ]
    },
    "is-module@1.0.0": {
      "integrity": "sha512-51ypPSPCoTEIN9dy5Oy+h4pShgJmPCygKfyRCISBI+JoWT/2oJvK8QPxmwv7b/p239jXrm9M1mlQbyKJ5A152g=="
    },
    "path-parse@1.0.7": {
      "integrity": "sha512-LDJzPVEEEPR+y48z93A0Ed0yXb8pAByGWo/k5YYdYgpY2/2EsOsksJrq7lOHxryrVOn1ejG6oAp8ahvOIQD8sw=="
    },
    "picomatch@4.0.2": {
      "integrity": "sha512-M7BAV6Rlcy5u+m6oPhAPFgJTzAioX/6B0DxyvDlo9l8+T3nLKbrczg2WLUyzd45L8RqfUMyGPzekbMvX2Ldkwg=="
    },
    "resolve@1.22.10": {
      "integrity": "sha512-NPRy+/ncIMeDlTAsuqwKIiferiawhefFJtkNSW0qZJEqMEb+qBt/77B/jGeeek+F0uOeN05CDa6HXbbIgtVX4w==",
      "dependencies": [
        "is-core-module",
        "path-parse",
        "supports-preserve-symlinks-flag"
      ],
      "bin": true
    },
    "rollup@4.44.1": {
      "integrity": "sha512-x8H8aPvD+xbl0Do8oez5f5o8eMS3trfCghc4HhLAnCkj7Vl0d1JWGs0UF/D886zLW2rOj2QymV/JcSSsw+XDNg==",
      "dependencies": [
        "@types/estree"
      ],
      "optionalDependencies": [
        "@rollup/rollup-android-arm-eabi",
        "@rollup/rollup-android-arm64",
        "@rollup/rollup-darwin-arm64",
        "@rollup/rollup-darwin-x64",
        "@rollup/rollup-freebsd-arm64",
        "@rollup/rollup-freebsd-x64",
        "@rollup/rollup-linux-arm-gnueabihf",
        "@rollup/rollup-linux-arm-musleabihf",
        "@rollup/rollup-linux-arm64-gnu",
        "@rollup/rollup-linux-arm64-musl",
        "@rollup/rollup-linux-loongarch64-gnu",
        "@rollup/rollup-linux-powerpc64le-gnu",
        "@rollup/rollup-linux-riscv64-gnu",
        "@rollup/rollup-linux-riscv64-musl",
        "@rollup/rollup-linux-s390x-gnu",
        "@rollup/rollup-linux-x64-gnu",
        "@rollup/rollup-linux-x64-musl",
        "@rollup/rollup-win32-arm64-msvc",
        "@rollup/rollup-win32-ia32-msvc",
        "@rollup/rollup-win32-x64-msvc",
        "fsevents"
      ],
      "bin": true
    },
    "source-map-support@0.5.21": {
      "integrity": "sha512-uBHU3L3czsIyYXKX88fdrGovxdSCoTGDRZ6SYXtSRxLZUzHg5P/66Ht6uoUlHu9EZod+inXhKo3qQgwXUT/y1w==",
      "dependencies": [
        "buffer-from",
        "source-map"
      ]
    },
    "source-map@0.6.1": {
      "integrity": "sha512-UjgapumWlbMhkBgzT7Ykc5YXUT46F0iKu8SGXq0bcwP5dz/h0Plj6enJqjz1Zbq2l5WaqYnrVbwWOWMyF3F47g=="
    },
    "supports-preserve-symlinks-flag@1.0.0": {
      "integrity": "sha512-ot0WnXS9fgdkgIcePe6RHNk1WA8+muPa6cSjeR3V8K27q9BB1rTE3R1p7Hv0z1ZyAc8s6Vvv8DIyWf681MAt0w=="
    },
    "terser@5.43.1": {
      "integrity": "sha512-+6erLbBm0+LROX2sPXlUYx/ux5PyE9K/a92Wrt6oA+WDAoFTdpHE5tCYCI5PNzq2y8df4rA+QgHLJuR4jNymsg==",
      "dependencies": [
        "@jridgewell/source-map",
        "acorn",
        "commander",
        "source-map-support"
      ],
      "bin": true
    }
  },
  "workspace": {
    "dependencies": [
      "npm:@rollup/plugin-node-resolve@^16.0.1",
      "npm:handcraft@next",
      "npm:rollup@^4.43.0",
      "npm:terser@^5.43.0"
    ]
  }
}
