{
  "version": "5",
  "specifiers": {
    "npm:handcraft@*": "0.17.0"
  },
  "npm": {
    "handcraft@0.17.0": {
      "integrity": "sha512-xXZki34nt/Bajbw3bstdaBma4YV4nHbnN0bSLubws1hSWoYExRSddIOxhQIg+rLy54Lx9BXxTxNN40AquQYOHw=="
    }
  },
  "workspace": {
    "dependencies": [
      "npm:handcraft@*"
    ]
  }
}
